// !$*UTF8*$!
{
	archiveVersion = 1;
	classes = {
	};
	objectVersion = 46;
	objects = {

/* Begin PBXBuildFile section */
		5C89A5F31B17EEF800FB2721 /* AppDelegate.swift in Sources */ = {isa = PBXBuildFile; fileRef = 5C89A5F21B17EEF800FB2721 /* AppDelegate.swift */; };
		5C89A5F51B17EEF800FB2721 /* ViewController.swift in Sources */ = {isa = PBXBuildFile; fileRef = 5C89A5F41B17EEF800FB2721 /* ViewController.swift */; };
		5C89A5F81B17EEF800FB2721 /* Main.storyboard in Resources */ = {isa = PBXBuildFile; fileRef = 5C89A5F61B17EEF800FB2721 /* Main.storyboard */; };
		5C89A5FA1B17EEF800FB2721 /* Images.xcassets in Resources */ = {isa = PBXBuildFile; fileRef = 5C89A5F91B17EEF800FB2721 /* Images.xcassets */; };
		5C89A5FD1B17EEF800FB2721 /* LaunchScreen.xib in Resources */ = {isa = PBXBuildFile; fileRef = 5C89A5FB1B17EEF800FB2721 /* LaunchScreen.xib */; };
		5C89A6091B17EEF800FB2721 /* TaskMasterTests.swift in Sources */ = {isa = PBXBuildFile; fileRef = 5C89A6081B17EEF800FB2721 /* TaskMasterTests.swift */; };
		5C89A6131B1B59E400FB2721 /* NewTaskViewController.swift in Sources */ = {isa = PBXBuildFile; fileRef = 5C89A6121B1B59E400FB2721 /* NewTaskViewController.swift */; };
/* End PBXBuildFile section */

/* Begin PBXContainerItemProxy section */
		5C89A6031B17EEF800FB2721 /* PBXContainerItemProxy */ = {
			isa = PBXContainerItemProxy;
			containerPortal = 5C89A5E51B17EEF800FB2721 /* Project object */;
			proxyType = 1;
			remoteGlobalIDString = 5C89A5EC1B17EEF800FB2721;
			remoteInfo = TaskMaster;
		};
/* End PBXContainerItemProxy section */

/* Begin PBXFileReference section */
		5C89A5ED1B17EEF800FB2721 /* TaskMaster.app */ = {isa = PBXFileReference; explicitFileType = wrapper.application; includeInIndex = 0; path = TaskMaster.app; sourceTree = BUILT_PRODUCTS_DIR; };
		5C89A5F11B17EEF800FB2721 /* Info.plist */ = {isa = PBXFileReference; lastKnownFileType = text.plist.xml; path = Info.plist; sourceTree = "<group>"; };
		5C89A5F21B17EEF800FB2721 /* AppDelegate.swift */ = {isa = PBXFileReference; lastKnownFileType = sourcecode.swift; path = AppDelegate.swift; sourceTree = "<group>"; };
		5C89A5F41B17EEF800FB2721 /* ViewController.swift */ = {isa = PBXFileReference; lastKnownFileType = sourcecode.swift; path = ViewController.swift; sourceTree = "<group>"; };
		5C89A5F71B17EEF800FB2721 /* Base */ = {isa = PBXFileReference; lastKnownFileType = file.storyboard; name = Base; path = Base.lproj/Main.storyboard; sourceTree = "<group>"; };
		5C89A5F91B17EEF800FB2721 /* Images.xcassets */ = {isa = PBXFileReference; lastKnownFileType = folder.assetcatalog; path = Images.xcassets; sourceTree = "<group>"; };
		5C89A5FC1B17EEF800FB2721 /* Base */ = {isa = PBXFileReference; lastKnownFileType = file.xib; name = Base; path = Base.lproj/LaunchScreen.xib; sourceTree = "<group>"; };
		5C89A6021B17EEF800FB2721 /* TaskMasterTests.xctest */ = {isa = PBXFileReference; explicitFileType = wrapper.cfbundle; includeInIndex = 0; path = TaskMasterTests.xctest; sourceTree = BUILT_PRODUCTS_DIR; };
		5C89A6071B17EEF800FB2721 /* Info.plist */ = {isa = PBXFileReference; lastKnownFileType = text.plist.xml; path = Info.plist; sourceTree = "<group>"; };
		5C89A6081B17EEF800FB2721 /* TaskMasterTests.swift */ = {isa = PBXFileReference; lastKnownFileType = sourcecode.swift; path = TaskMasterTests.swift; sourceTree = "<group>"; };
		5C89A6121B1B59E400FB2721 /* NewTaskViewController.swift */ = {isa = PBXFileReference; fileEncoding = 4; lastKnownFileType = sourcecode.swift; path = NewTaskViewController.swift; sourceTree = "<group>"; };
/* End PBXFileReference section */

/* Begin PBXFrameworksBuildPhase section */
		5C89A5EA1B17EEF800FB2721 /* Frameworks */ = {
			isa = PBXFrameworksBuildPhase;
			buildActionMask = 2147483647;
			files = (
			);
			runOnlyForDeploymentPostprocessing = 0;
		};
		5C89A5FF1B17EEF800FB2721 /* Frameworks */ = {
			isa = PBXFrameworksBuildPhase;
			buildActionMask = 2147483647;
			files = (
			);
			runOnlyForDeploymentPostprocessing = 0;
		};
/* End PBXFrameworksBuildPhase section */

/* Begin PBXGroup section */
		5C89A5E41B17EEF800FB2721 = {
			isa = PBXGroup;
			children = (
				5C89A5EF1B17EEF800FB2721 /* TaskMaster */,
				5C89A6051B17EEF800FB2721 /* TaskMasterTests */,
				5C89A5EE1B17EEF800FB2721 /* Products */,
			);
			sourceTree = "<group>";
		};
		5C89A5EE1B17EEF800FB2721 /* Products */ = {
			isa = PBXGroup;
			children = (
				5C89A5ED1B17EEF800FB2721 /* TaskMaster.app */,
				5C89A6021B17EEF800FB2721 /* TaskMasterTests.xctest */,
			);
			name = Products;
			sourceTree = "<group>";
		};
		5C89A5EF1B17EEF800FB2721 /* TaskMaster */ = {
			isa = PBXGroup;
			children = (
				5C89A5F21B17EEF800FB2721 /* AppDelegate.swift */,
				5C89A5F41B17EEF800FB2721 /* ViewController.swift */,
				5C89A5F61B17EEF800FB2721 /* Main.storyboard */,
				5C89A6121B1B59E400FB2721 /* NewTaskViewController.swift */,
				5C89A5F91B17EEF800FB2721 /* Images.xcassets */,
				5C89A5FB1B17EEF800FB2721 /* LaunchScreen.xib */,
				5C89A5F01B17EEF800FB2721 /* Supporting Files */,
			);
			path = TaskMaster;
			sourceTree = "<group>";
		};
		5C89A5F01B17EEF800FB2721 /* Supporting Files */ = {
			isa = PBXGroup;
			children = (
				5C89A5F11B17EEF800FB2721 /* Info.plist */,
			);
			name = "Supporting Files";
			sourceTree = "<group>";
		};
		5C89A6051B17EEF800FB2721 /* TaskMasterTests */ = {
			isa = PBXGroup;
			children = (
				5C89A6081B17EEF800FB2721 /* TaskMasterTests.swift */,
				5C89A6061B17EEF800FB2721 /* Supporting Files */,
			);
			path = TaskMasterTests;
			sourceTree = "<group>";
		};
		5C89A6061B17EEF800FB2721 /* Supporting Files */ = {
			isa = PBXGroup;
			children = (
				5C89A6071B17EEF800FB2721 /* Info.plist */,
			);
			name = "Supporting Files";
			sourceTree = "<group>";
		};
/* End PBXGroup section */

/* Begin PBXNativeTarget section */
		5C89A5EC1B17EEF800FB2721 /* TaskMaster */ = {
			isa = PBXNativeTarget;
			buildConfigurationList = 5C89A60C1B17EEF800FB2721 /* Build configuration list for PBXNativeTarget "TaskMaster" */;
			buildPhases = (
				5C89A5E91B17EEF800FB2721 /* Sources */,
				5C89A5EA1B17EEF800FB2721 /* Frameworks */,
				5C89A5EB1B17EEF800FB2721 /* Resources */,
			);
			buildRules = (
			);
			dependencies = (
			);
			name = TaskMaster;
			productName = TaskMaster;
			productReference = 5C89A5ED1B17EEF800FB2721 /* TaskMaster.app */;
			productType = "com.apple.product-type.application";
		};
		5C89A6011B17EEF800FB2721 /* TaskMasterTests */ = {
			isa = PBXNativeTarget;
			buildConfigurationList = 5C89A60F1B17EEF800FB2721 /* Build configuration list for PBXNativeTarget "TaskMasterTests" */;
			buildPhases = (
				5C89A5FE1B17EEF800FB2721 /* Sources */,
				5C89A5FF1B17EEF800FB2721 /* Frameworks */,
				5C89A6001B17EEF800FB2721 /* Resources */,
			);
			buildRules = (
			);
			dependencies = (
				5C89A6041B17EEF800FB2721 /* PBXTargetDependency */,
			);
			name = TaskMasterTests;
			productName = TaskMasterTests;
			productReference = 5C89A6021B17EEF800FB2721 /* TaskMasterTests.xctest */;
			productType = "com.apple.product-type.bundle.unit-test";
		};
/* End PBXNativeTarget section */

/* Begin PBXProject section */
		5C89A5E51B17EEF800FB2721 /* Project object */ = {
			isa = PBXProject;
			attributes = {
				LastUpgradeCheck = 0630;
				ORGANIZATIONNAME = "Eric Holland";
				TargetAttributes = {
					5C89A5EC1B17EEF800FB2721 = {
						CreatedOnToolsVersion = 6.3.2;
					};
					5C89A6011B17EEF800FB2721 = {
						CreatedOnToolsVersion = 6.3.2;
						TestTargetID = 5C89A5EC1B17EEF800FB2721;
					};
				};
			};
			buildConfigurationList = 5C89A5E81B17EEF800FB2721 /* Build configuration list for PBXProject "TaskMaster" */;
			compatibilityVersion = "Xcode 3.2";
			developmentRegion = English;
			hasScannedForEncodings = 0;
			knownRegions = (
				en,
				Base,
			);
			mainGroup = 5C89A5E41B17EEF800FB2721;
			productRefGroup = 5C89A5EE1B17EEF800FB2721 /* Products */;
			projectDirPath = "";
			projectRoot = "";
			targets = (
				5C89A5EC1B17EEF800FB2721 /* TaskMaster */,
				5C89A6011B17EEF800FB2721 /* TaskMasterTests */,
			);
		};
/* End PBXProject section */

/* Begin PBXResourcesBuildPhase section */
		5C89A5EB1B17EEF800FB2721 /* Resources */ = {
			isa = PBXResourcesBuildPhase;
			buildActionMask = 2147483647;
			files = (
				5C89A5F81B17EEF800FB2721 /* Main.storyboard in Resources */,
				5C89A5FD1B17EEF800FB2721 /* LaunchScreen.xib in Resources */,
				5C89A5FA1B17EEF800FB2721 /* Images.xcassets in Resources */,
			);
			runOnlyForDeploymentPostprocessing = 0;
		};
		5C89A6001B17EEF800FB2721 /* Resources */ = {
			isa = PBXResourcesBuildPhase;
			buildActionMask = 2147483647;
			files = (
			);
			runOnlyForDeploymentPostprocessing = 0;
		};
/* End PBXResourcesBuildPhase section */

/* Begin PBXSourcesBuildPhase section */
		5C89A5E91B17EEF800FB2721 /* Sources */ = {
			isa = PBXSourcesBuildPhase;
			buildActionMask = 2147483647;
			files = (
				5C89A5F51B17EEF800FB2721 /* ViewController.swift in Sources */,
				5C89A6131B1B59E400FB2721 /* NewTaskViewController.swift in Sources */,
				5C89A5F31B17EEF800FB2721 /* AppDelegate.swift in Sources */,
			);
			runOnlyForDeploymentPostprocessing = 0;
		};
		5C89A5FE1B17EEF800FB2721 /* Sources */ = {
			isa = PBXSourcesBuildPhase;
			buildActionMask = 2147483647;
			files = (
				5C89A6091B17EEF800FB2721 /* TaskMasterTests.swift in Sources */,
			);
			runOnlyForDeploymentPostprocessing = 0;
		};
/* End PBXSourcesBuildPhase section */

/* Begin PBXTargetDependency section */
		5C89A6041B17EEF800FB2721 /* PBXTargetDependency */ = {
			isa = PBXTargetDependency;
			target = 5C89A5EC1B17EEF800FB2721 /* TaskMaster */;
			targetProxy = 5C89A6031B17EEF800FB2721 /* PBXContainerItemProxy */;
		};
/* End PBXTargetDependency section */

/* Begin PBXVariantGroup section */
		5C89A5F61B17EEF800FB2721 /* Main.storyboard */ = {
			isa = PBXVariantGroup;
			children = (
				5C89A5F71B17EEF800FB2721 /* Base */,
			);
			name = Main.storyboard;
			sourceTree = "<group>";
		};
		5C89A5FB1B17EEF800FB2721 /* LaunchScreen.xib */ = {
			isa = PBXVariantGroup;
			children = (
				5C89A5FC1B17EEF800FB2721 /* Base */,
			);
			name = LaunchScreen.xib;
			sourceTree = "<group>";
		};
/* End PBXVariantGroup section */

/* Begin XCBuildConfiguration section */
		5C89A60A1B17EEF800FB2721 /* Debug */ = {
			isa = XCBuildConfiguration;
			buildSettings = {
				ALWAYS_SEARCH_USER_PATHS = NO;
				CLANG_CXX_LANGUAGE_STANDARD = "gnu++0x";
				CLANG_CXX_LIBRARY = "libc++";
				CLANG_ENABLE_MODULES = YES;
				CLANG_ENABLE_OBJC_ARC = YES;
				CLANG_WARN_BOOL_CONVERSION = YES;
				CLANG_WARN_CONSTANT_CONVERSION = YES;
				CLANG_WARN_DIRECT_OBJC_ISA_USAGE = YES_ERROR;
				CLANG_WARN_EMPTY_BODY = YES;
				CLANG_WARN_ENUM_CONVERSION = YES;
				CLANG_WARN_INT_CONVERSION = YES;
				CLANG_WARN_OBJC_ROOT_CLASS = YES_ERROR;
				CLANG_WARN_UNREACHABLE_CODE = YES;
				CLANG_WARN__DUPLICATE_METHOD_MATCH = YES;
				"CODE_SIGN_IDENTITY[sdk=iphoneos*]" = "iPhone Developer";
				COPY_PHASE_STRIP = NO;
				DEBUG_INFORMATION_FORMAT = "dwarf-with-dsym";
				ENABLE_STRICT_OBJC_MSGSEND = YES;
				GCC_C_LANGUAGE_STANDARD = gnu99;
				GCC_DYNAMIC_NO_PIC = NO;
				GCC_NO_COMMON_BLOCKS = YES;
				GCC_OPTIMIZATION_LEVEL = 0;
				GCC_PREPROCESSOR_DEFINITIONS = (
					"DEBUG=1",
					"$(inherited)",
				);
				GCC_SYMBOLS_PRIVATE_EXTERN = NO;
				GCC_WARN_64_TO_32_BIT_CONVERSION = YES;
				GCC_WARN_ABOUT_RETURN_TYPE = YES_ERROR;
				GCC_WARN_UNDECLARED_SELECTOR = YES;
				GCC_WARN_UNINITIALIZED_AUTOS = YES_AGGRESSIVE;
				GCC_WARN_UNUSED_FUNCTION = YES;
				GCC_WARN_UNUSED_VARIABLE = YES;
				IPHONEOS_DEPLOYMENT_TARGET = 8.3;
				MTL_ENABLE_DEBUG_INFO = YES;
				ONLY_ACTIVE_ARCH = YES;
				SDKROOT = iphoneos;
				SWIFT_OPTIMIZATION_LEVEL = "-Onone";
			};
			name = Debug;
		};
		5C89A60B1B17EEF800FB2721 /* Release */ = {
			isa = XCBuildConfiguration;
			buildSettings = {
				ALWAYS_SEARCH_USER_PATHS = NO;
				CLANG_CXX_LANGUAGE_STANDARD = "gnu++0x";
				CLANG_CXX_LIBRARY = "libc++";
				CLANG_ENABLE_MODULES = YES;
				CLANG_ENABLE_OBJC_ARC = YES;
				CLANG_WARN_BOOL_CONVERSION = YES;
				CLANG_WARN_CONSTANT_CONVERSION = YES;
				CLANG_WARN_DIRECT_OBJC_ISA_USAGE = YES_ERROR;
				CLANG_WARN_EMPTY_BODY = YES;
				CLANG_WARN_ENUM_CONVERSION = YES;
				CLANG_WARN_INT_CONVERSION = YES;
				CLANG_WARN_OBJC_ROOT_CLASS = YES_ERROR;
				CLANG_WARN_UNREACHABLE_CODE = YES;
				CLANG_WARN__DUPLICATE_METHOD_MATCH = YES;
				"CODE_SIGN_IDENTITY[sdk=iphoneos*]" = "iPhone Developer";
				COPY_PHASE_STRIP = NO;
				DEBUG_INFORMATION_FORMAT = "dwarf-with-dsym";
				ENABLE_NS_ASSERTIONS = NO;
				ENABLE_STRICT_OBJC_MSGSEND = YES;
				GCC_C_LANGUAGE_STANDARD = gnu99;
				GCC_NO_COMMON_BLOCKS = YES;
				GCC_WARN_64_TO_32_BIT_CONVERSION = YES;
				GCC_WARN_ABOUT_RETURN_TYPE = YES_ERROR;
				GCC_WARN_UNDECLARED_SELECTOR = YES;
				GCC_WARN_UNINITIALIZED_AUTOS = YES_AGGRESSIVE;
				GCC_WARN_UNUSED_FUNCTION = YES;
				GCC_WARN_UNUSED_VARIABLE = YES;
				IPHONEOS_DEPLOYMENT_TARGET = 8.3;
				MTL_ENABLE_DEBUG_INFO = NO;
				SDKROOT = iphoneos;
				VALIDATE_PRODUCT = YES;
			};
			name = Release;
		};
		5C89A60D1B17EEF800FB2721 /* Debug */ = {
			isa = XCBuildConfiguration;
			buildSettings = {
				ASSETCATALOG_COMPILER_APPICON_NAME = AppIcon;
				INFOPLIST_FILE = TaskMaster/Info.plist;
				LD_RUNPATH_SEARCH_PATHS = "$(inherited) @executable_path/Frameworks";
				PRODUCT_NAME = "$(TARGET_NAME)";
			};
			name = Debug;
		};
		5C89A60E1B17EEF800FB2721 /* Release */ = {
			isa = XCBuildConfiguration;
			buildSettings = {
				ASSETCATALOG_COMPILER_APPICON_NAME = AppIcon;
				INFOPLIST_FILE = TaskMaster/Info.plist;
				LD_RUNPATH_SEARCH_PATHS = "$(inherited) @executable_path/Frameworks";
				PRODUCT_NAME = "$(TARGET_NAME)";
			};
			name = Release;
		};
		5C89A6101B17EEF800FB2721 /* Debug */ = {
			isa = XCBuildConfiguration;
			buildSettings = {
				BUNDLE_LOADER = "$(TEST_HOST)";
				FRAMEWORK_SEARCH_PATHS = (
					"$(SDKROOT)/Developer/Library/Frameworks",
					"$(inherited)",
				);
				GCC_PREPROCESSOR_DEFINITIONS = (
					"DEBUG=1",
					"$(inherited)",
				);
				INFOPLIST_FILE = TaskMasterTests/Info.plist;
				LD_RUNPATH_SEARCH_PATHS = "$(inherited) @executable_path/Frameworks @loader_path/Frameworks";
				PRODUCT_NAME = "$(TARGET_NAME)";
				TEST_HOST = "$(BUILT_PRODUCTS_DIR)/TaskMaster.app/TaskMaster";
			};
			name = Debug;
		};
		5C89A6111B17EEF800FB2721 /* Release */ = {
			isa = XCBuildConfiguration;
			buildSettings = {
				BUNDLE_LOADER = "$(TEST_HOST)";
				FRAMEWORK_SEARCH_PATHS = (
					"$(SDKROOT)/Developer/Library/Frameworks",
					"$(inherited)",
				);
				INFOPLIST_FILE = TaskMasterTests/Info.plist;
				LD_RUNPATH_SEARCH_PATHS = "$(inherited) @executable_path/Frameworks @loader_path/Frameworks";
				PRODUCT_NAME = "$(TARGET_NAME)";
				TEST_HOST = "$(BUILT_PRODUCTS_DIR)/TaskMaster.app/TaskMaster";
			};
			name = Release;
		};
/* End XCBuildConfiguration section */

/* Begin XCConfigurationList section */
		5C89A5E81B17EEF800FB2721 /* Build configuration list for PBXProject "TaskMaster" */ = {
			isa = XCConfigurationList;
			buildConfigurations = (
				5C89A60A1B17EEF800FB2721 /* Debug */,
				5C89A60B1B17EEF800FB2721 /* Release */,
			);
			defaultConfigurationIsVisible = 0;
			defaultConfigurationName = Release;
		};
		5C89A60C1B17EEF800FB2721 /* Build configuration list for PBXNativeTarget "TaskMaster" */ = {
			isa = XCConfigurationList;
			buildConfigurations = (
				5C89A60D1B17EEF800FB2721 /* Debug */,
				5C89A60E1B17EEF800FB2721 /* Release */,
			);
			defaultConfigurationIsVisible = 0;
		};
		5C89A60F1B17EEF800FB2721 /* Build configuration list for PBXNativeTarget "TaskMasterTests" */ = {
			isa = XCConfigurationList;
			buildConfigurations = (
				5C89A6101B17EEF800FB2721 /* Debug */,
				5C89A6111B17EEF800FB2721 /* Release */,
			);
			defaultConfigurationIsVisible = 0;
		};
/* End XCConfigurationList section */
	};
	rootObject = 5C89A5E51B17EEF800FB2721 /* Project object */;
}
