// !$*UTF8*$!
{
	archiveVersion = 1;
	classes = {
	};
	objectVersion = 46;
	objects = {

/* Begin PBXBuildFile section */
		5C2536521B212AA900CE5A7E /* AppDelegate.swift in Sources */ = {isa = PBXBuildFile; fileRef = 5C2536511B212AA900CE5A7E /* AppDelegate.swift */; };
		5C2536541B212AA900CE5A7E /* ViewController.swift in Sources */ = {isa = PBXBuildFile; fileRef = 5C2536531B212AA900CE5A7E /* ViewController.swift */; };
		5C2536571B212AA900CE5A7E /* Main.storyboard in Resources */ = {isa = PBXBuildFile; fileRef = 5C2536551B212AA900CE5A7E /* Main.storyboard */; };
		5C2536591B212AA900CE5A7E /* Images.xcassets in Resources */ = {isa = PBXBuildFile; fileRef = 5C2536581B212AA900CE5A7E /* Images.xcassets */; };
		5C25365C1B212AA900CE5A7E /* LaunchScreen.xib in Resources */ = {isa = PBXBuildFile; fileRef = 5C25365A1B212AA900CE5A7E /* LaunchScreen.xib */; };
		5C2536681B212AA900CE5A7E /* BejeweledCloneTests.swift in Sources */ = {isa = PBXBuildFile; fileRef = 5C2536671B212AA900CE5A7E /* BejeweledCloneTests.swift */; };
		5C2536721B212CAE00CE5A7E /* Board.swift in Sources */ = {isa = PBXBuildFile; fileRef = 5C2536711B212CAE00CE5A7E /* Board.swift */; };
/* End PBXBuildFile section */

/* Begin PBXContainerItemProxy section */
		5C2536621B212AA900CE5A7E /* PBXContainerItemProxy */ = {
			isa = PBXContainerItemProxy;
			containerPortal = 5C2536441B212AA900CE5A7E /* Project object */;
			proxyType = 1;
			remoteGlobalIDString = 5C25364B1B212AA900CE5A7E;
			remoteInfo = BejeweledClone;
		};
/* End PBXContainerItemProxy section */

/* Begin PBXFileReference section */
		5C25364C1B212AA900CE5A7E /* BejeweledClone.app */ = {isa = PBXFileReference; explicitFileType = wrapper.application; includeInIndex = 0; path = BejeweledClone.app; sourceTree = BUILT_PRODUCTS_DIR; };
		5C2536501B212AA900CE5A7E /* Info.plist */ = {isa = PBXFileReference; lastKnownFileType = text.plist.xml; path = Info.plist; sourceTree = "<group>"; };
		5C2536511B212AA900CE5A7E /* AppDelegate.swift */ = {isa = PBXFileReference; lastKnownFileType = sourcecode.swift; path = AppDelegate.swift; sourceTree = "<group>"; };
		5C2536531B212AA900CE5A7E /* ViewController.swift */ = {isa = PBXFileReference; lastKnownFileType = sourcecode.swift; path = ViewController.swift; sourceTree = "<group>"; };
		5C2536561B212AA900CE5A7E /* Base */ = {isa = PBXFileReference; lastKnownFileType = file.storyboard; name = Base; path = Base.lproj/Main.storyboard; sourceTree = "<group>"; };
		5C2536581B212AA900CE5A7E /* Images.xcassets */ = {isa = PBXFileReference; lastKnownFileType = folder.assetcatalog; path = Images.xcassets; sourceTree = "<group>"; };
		5C25365B1B212AA900CE5A7E /* Base */ = {isa = PBXFileReference; lastKnownFileType = file.xib; name = Base; path = Base.lproj/LaunchScreen.xib; sourceTree = "<group>"; };
		5C2536611B212AA900CE5A7E /* BejeweledCloneTests.xctest */ = {isa = PBXFileReference; explicitFileType = wrapper.cfbundle; includeInIndex = 0; path = BejeweledCloneTests.xctest; sourceTree = BUILT_PRODUCTS_DIR; };
		5C2536661B212AA900CE5A7E /* Info.plist */ = {isa = PBXFileReference; lastKnownFileType = text.plist.xml; path = Info.plist; sourceTree = "<group>"; };
		5C2536671B212AA900CE5A7E /* BejeweledCloneTests.swift */ = {isa = PBXFileReference; lastKnownFileType = sourcecode.swift; path = BejeweledCloneTests.swift; sourceTree = "<group>"; };
		5C2536711B212CAE00CE5A7E /* Board.swift */ = {isa = PBXFileReference; fileEncoding = 4; lastKnownFileType = sourcecode.swift; path = Board.swift; sourceTree = "<group>"; };
/* End PBXFileReference section */

/* Begin PBXFrameworksBuildPhase section */
		5C2536491B212AA900CE5A7E /* Frameworks */ = {
			isa = PBXFrameworksBuildPhase;
			buildActionMask = 2147483647;
			files = (
			);
			runOnlyForDeploymentPostprocessing = 0;
		};
		5C25365E1B212AA900CE5A7E /* Frameworks */ = {
			isa = PBXFrameworksBuildPhase;
			buildActionMask = 2147483647;
			files = (
			);
			runOnlyForDeploymentPostprocessing = 0;
		};
/* End PBXFrameworksBuildPhase section */

/* Begin PBXGroup section */
		5C2536431B212AA900CE5A7E = {
			isa = PBXGroup;
			children = (
				5C25364E1B212AA900CE5A7E /* BejeweledClone */,
				5C2536641B212AA900CE5A7E /* BejeweledCloneTests */,
				5C25364D1B212AA900CE5A7E /* Products */,
			);
			sourceTree = "<group>";
		};
		5C25364D1B212AA900CE5A7E /* Products */ = {
			isa = PBXGroup;
			children = (
				5C25364C1B212AA900CE5A7E /* BejeweledClone.app */,
				5C2536611B212AA900CE5A7E /* BejeweledCloneTests.xctest */,
			);
			name = Products;
			sourceTree = "<group>";
		};
		5C25364E1B212AA900CE5A7E /* BejeweledClone */ = {
			isa = PBXGroup;
			children = (
				5C2536511B212AA900CE5A7E /* AppDelegate.swift */,
				5C2536531B212AA900CE5A7E /* ViewController.swift */,
				5C2536551B212AA900CE5A7E /* Main.storyboard */,
				5C2536581B212AA900CE5A7E /* Images.xcassets */,
				5C25365A1B212AA900CE5A7E /* LaunchScreen.xib */,
				5C25364F1B212AA900CE5A7E /* Supporting Files */,
				5C2536711B212CAE00CE5A7E /* Board.swift */,
			);
			path = BejeweledClone;
			sourceTree = "<group>";
		};
		5C25364F1B212AA900CE5A7E /* Supporting Files */ = {
			isa = PBXGroup;
			children = (
				5C2536501B212AA900CE5A7E /* Info.plist */,
			);
			name = "Supporting Files";
			sourceTree = "<group>";
		};
		5C2536641B212AA900CE5A7E /* BejeweledCloneTests */ = {
			isa = PBXGroup;
			children = (
				5C2536671B212AA900CE5A7E /* BejeweledCloneTests.swift */,
				5C2536651B212AA900CE5A7E /* Supporting Files */,
			);
			path = BejeweledCloneTests;
			sourceTree = "<group>";
		};
		5C2536651B212AA900CE5A7E /* Supporting Files */ = {
			isa = PBXGroup;
			children = (
				5C2536661B212AA900CE5A7E /* Info.plist */,
			);
			name = "Supporting Files";
			sourceTree = "<group>";
		};
/* End PBXGroup section */

/* Begin PBXNativeTarget section */
		5C25364B1B212AA900CE5A7E /* BejeweledClone */ = {
			isa = PBXNativeTarget;
			buildConfigurationList = 5C25366B1B212AA900CE5A7E /* Build configuration list for PBXNativeTarget "BejeweledClone" */;
			buildPhases = (
				5C2536481B212AA900CE5A7E /* Sources */,
				5C2536491B212AA900CE5A7E /* Frameworks */,
				5C25364A1B212AA900CE5A7E /* Resources */,
			);
			buildRules = (
			);
			dependencies = (
			);
			name = BejeweledClone;
			productName = BejeweledClone;
			productReference = 5C25364C1B212AA900CE5A7E /* BejeweledClone.app */;
			productType = "com.apple.product-type.application";
		};
		5C2536601B212AA900CE5A7E /* BejeweledCloneTests */ = {
			isa = PBXNativeTarget;
			buildConfigurationList = 5C25366E1B212AA900CE5A7E /* Build configuration list for PBXNativeTarget "BejeweledCloneTests" */;
			buildPhases = (
				5C25365D1B212AA900CE5A7E /* Sources */,
				5C25365E1B212AA900CE5A7E /* Frameworks */,
				5C25365F1B212AA900CE5A7E /* Resources */,
			);
			buildRules = (
			);
			dependencies = (
				5C2536631B212AA900CE5A7E /* PBXTargetDependency */,
			);
			name = BejeweledCloneTests;
			productName = BejeweledCloneTests;
			productReference = 5C2536611B212AA900CE5A7E /* BejeweledCloneTests.xctest */;
			productType = "com.apple.product-type.bundle.unit-test";
		};
/* End PBXNativeTarget section */

/* Begin PBXProject section */
		5C2536441B212AA900CE5A7E /* Project object */ = {
			isa = PBXProject;
			attributes = {
				LastUpgradeCheck = 0630;
				ORGANIZATIONNAME = "Eric Holland";
				TargetAttributes = {
					5C25364B1B212AA900CE5A7E = {
						CreatedOnToolsVersion = 6.3.2;
					};
					5C2536601B212AA900CE5A7E = {
						CreatedOnToolsVersion = 6.3.2;
						TestTargetID = 5C25364B1B212AA900CE5A7E;
					};
				};
			};
			buildConfigurationList = 5C2536471B212AA900CE5A7E /* Build configuration list for PBXProject "BejeweledClone" */;
			compatibilityVersion = "Xcode 3.2";
			developmentRegion = English;
			hasScannedForEncodings = 0;
			knownRegions = (
				en,
				Base,
			);
			mainGroup = 5C2536431B212AA900CE5A7E;
			productRefGroup = 5C25364D1B212AA900CE5A7E /* Products */;
			projectDirPath = "";
			projectRoot = "";
			targets = (
				5C25364B1B212AA900CE5A7E /* BejeweledClone */,
				5C2536601B212AA900CE5A7E /* BejeweledCloneTests */,
			);
		};
/* End PBXProject section */

/* Begin PBXResourcesBuildPhase section */
		5C25364A1B212AA900CE5A7E /* Resources */ = {
			isa = PBXResourcesBuildPhase;
			buildActionMask = 2147483647;
			files = (
				5C2536571B212AA900CE5A7E /* Main.storyboard in Resources */,
				5C25365C1B212AA900CE5A7E /* LaunchScreen.xib in Resources */,
				5C2536591B212AA900CE5A7E /* Images.xcassets in Resources */,
			);
			runOnlyForDeploymentPostprocessing = 0;
		};
		5C25365F1B212AA900CE5A7E /* Resources */ = {
			isa = PBXResourcesBuildPhase;
			buildActionMask = 2147483647;
			files = (
			);
			runOnlyForDeploymentPostprocessing = 0;
		};
/* End PBXResourcesBuildPhase section */

/* Begin PBXSourcesBuildPhase section */
		5C2536481B212AA900CE5A7E /* Sources */ = {
			isa = PBXSourcesBuildPhase;
			buildActionMask = 2147483647;
			files = (
				5C2536541B212AA900CE5A7E /* ViewController.swift in Sources */,
				5C2536521B212AA900CE5A7E /* AppDelegate.swift in Sources */,
				5C2536721B212CAE00CE5A7E /* Board.swift in Sources */,
			);
			runOnlyForDeploymentPostprocessing = 0;
		};
		5C25365D1B212AA900CE5A7E /* Sources */ = {
			isa = PBXSourcesBuildPhase;
			buildActionMask = 2147483647;
			files = (
				5C2536681B212AA900CE5A7E /* BejeweledCloneTests.swift in Sources */,
			);
			runOnlyForDeploymentPostprocessing = 0;
		};
/* End PBXSourcesBuildPhase section */

/* Begin PBXTargetDependency section */
		5C2536631B212AA900CE5A7E /* PBXTargetDependency */ = {
			isa = PBXTargetDependency;
			target = 5C25364B1B212AA900CE5A7E /* BejeweledClone */;
			targetProxy = 5C2536621B212AA900CE5A7E /* PBXContainerItemProxy */;
		};
/* End PBXTargetDependency section */

/* Begin PBXVariantGroup section */
		5C2536551B212AA900CE5A7E /* Main.storyboard */ = {
			isa = PBXVariantGroup;
			children = (
				5C2536561B212AA900CE5A7E /* Base */,
			);
			name = Main.storyboard;
			sourceTree = "<group>";
		};
		5C25365A1B212AA900CE5A7E /* LaunchScreen.xib */ = {
			isa = PBXVariantGroup;
			children = (
				5C25365B1B212AA900CE5A7E /* Base */,
			);
			name = LaunchScreen.xib;
			sourceTree = "<group>";
		};
/* End PBXVariantGroup section */

/* Begin XCBuildConfiguration section */
		5C2536691B212AA900CE5A7E /* Debug */ = {
			isa = XCBuildConfiguration;
			buildSettings = {
				ALWAYS_SEARCH_USER_PATHS = NO;
				CLANG_CXX_LANGUAGE_STANDARD = "gnu++0x";
				CLANG_CXX_LIBRARY = "libc++";
				CLANG_ENABLE_MODULES = YES;
				CLANG_ENABLE_OBJC_ARC = YES;
				CLANG_WARN_BOOL_CONVERSION = YES;
				CLANG_WARN_CONSTANT_CONVERSION = YES;
				CLANG_WARN_DIRECT_OBJC_ISA_USAGE = YES_ERROR;
				CLANG_WARN_EMPTY_BODY = YES;
				CLANG_WARN_ENUM_CONVERSION = YES;
				CLANG_WARN_INT_CONVERSION = YES;
				CLANG_WARN_OBJC_ROOT_CLASS = YES_ERROR;
				CLANG_WARN_UNREACHABLE_CODE = YES;
				CLANG_WARN__DUPLICATE_METHOD_MATCH = YES;
				"CODE_SIGN_IDENTITY[sdk=iphoneos*]" = "iPhone Developer";
				COPY_PHASE_STRIP = NO;
				DEBUG_INFORMATION_FORMAT = "dwarf-with-dsym";
				ENABLE_STRICT_OBJC_MSGSEND = YES;
				GCC_C_LANGUAGE_STANDARD = gnu99;
				GCC_DYNAMIC_NO_PIC = NO;
				GCC_NO_COMMON_BLOCKS = YES;
				GCC_OPTIMIZATION_LEVEL = 0;
				GCC_PREPROCESSOR_DEFINITIONS = (
					"DEBUG=1",
					"$(inherited)",
				);
				GCC_SYMBOLS_PRIVATE_EXTERN = NO;
				GCC_WARN_64_TO_32_BIT_CONVERSION = YES;
				GCC_WARN_ABOUT_RETURN_TYPE = YES_ERROR;
				GCC_WARN_UNDECLARED_SELECTOR = YES;
				GCC_WARN_UNINITIALIZED_AUTOS = YES_AGGRESSIVE;
				GCC_WARN_UNUSED_FUNCTION = YES;
				GCC_WARN_UNUSED_VARIABLE = YES;
				IPHONEOS_DEPLOYMENT_TARGET = 8.3;
				MTL_ENABLE_DEBUG_INFO = YES;
				ONLY_ACTIVE_ARCH = YES;
				SDKROOT = iphoneos;
				SWIFT_OPTIMIZATION_LEVEL = "-Onone";
			};
			name = Debug;
		};
		5C25366A1B212AA900CE5A7E /* Release */ = {
			isa = XCBuildConfiguration;
			buildSettings = {
				ALWAYS_SEARCH_USER_PATHS = NO;
				CLANG_CXX_LANGUAGE_STANDARD = "gnu++0x";
				CLANG_CXX_LIBRARY = "libc++";
				CLANG_ENABLE_MODULES = YES;
				CLANG_ENABLE_OBJC_ARC = YES;
				CLANG_WARN_BOOL_CONVERSION = YES;
				CLANG_WARN_CONSTANT_CONVERSION = YES;
				CLANG_WARN_DIRECT_OBJC_ISA_USAGE = YES_ERROR;
				CLANG_WARN_EMPTY_BODY = YES;
				CLANG_WARN_ENUM_CONVERSION = YES;
				CLANG_WARN_INT_CONVERSION = YES;
				CLANG_WARN_OBJC_ROOT_CLASS = YES_ERROR;
				CLANG_WARN_UNREACHABLE_CODE = YES;
				CLANG_WARN__DUPLICATE_METHOD_MATCH = YES;
				"CODE_SIGN_IDENTITY[sdk=iphoneos*]" = "iPhone Developer";
				COPY_PHASE_STRIP = NO;
				DEBUG_INFORMATION_FORMAT = "dwarf-with-dsym";
				ENABLE_NS_ASSERTIONS = NO;
				ENABLE_STRICT_OBJC_MSGSEND = YES;
				GCC_C_LANGUAGE_STANDARD = gnu99;
				GCC_NO_COMMON_BLOCKS = YES;
				GCC_WARN_64_TO_32_BIT_CONVERSION = YES;
				GCC_WARN_ABOUT_RETURN_TYPE = YES_ERROR;
				GCC_WARN_UNDECLARED_SELECTOR = YES;
				GCC_WARN_UNINITIALIZED_AUTOS = YES_AGGRESSIVE;
				GCC_WARN_UNUSED_FUNCTION = YES;
				GCC_WARN_UNUSED_VARIABLE = YES;
				IPHONEOS_DEPLOYMENT_TARGET = 8.3;
				MTL_ENABLE_DEBUG_INFO = NO;
				SDKROOT = iphoneos;
				VALIDATE_PRODUCT = YES;
			};
			name = Release;
		};
		5C25366C1B212AA900CE5A7E /* Debug */ = {
			isa = XCBuildConfiguration;
			buildSettings = {
				ASSETCATALOG_COMPILER_APPICON_NAME = AppIcon;
				INFOPLIST_FILE = BejeweledClone/Info.plist;
				LD_RUNPATH_SEARCH_PATHS = "$(inherited) @executable_path/Frameworks";
				PRODUCT_NAME = "$(TARGET_NAME)";
			};
			name = Debug;
		};
		5C25366D1B212AA900CE5A7E /* Release */ = {
			isa = XCBuildConfiguration;
			buildSettings = {
				ASSETCATALOG_COMPILER_APPICON_NAME = AppIcon;
				INFOPLIST_FILE = BejeweledClone/Info.plist;
				LD_RUNPATH_SEARCH_PATHS = "$(inherited) @executable_path/Frameworks";
				PRODUCT_NAME = "$(TARGET_NAME)";
			};
			name = Release;
		};
		5C25366F1B212AA900CE5A7E /* Debug */ = {
			isa = XCBuildConfiguration;
			buildSettings = {
				BUNDLE_LOADER = "$(TEST_HOST)";
				FRAMEWORK_SEARCH_PATHS = (
					"$(SDKROOT)/Developer/Library/Frameworks",
					"$(inherited)",
				);
				GCC_PREPROCESSOR_DEFINITIONS = (
					"DEBUG=1",
					"$(inherited)",
				);
				INFOPLIST_FILE = BejeweledCloneTests/Info.plist;
				LD_RUNPATH_SEARCH_PATHS = "$(inherited) @executable_path/Frameworks @loader_path/Frameworks";
				PRODUCT_NAME = "$(TARGET_NAME)";
				TEST_HOST = "$(BUILT_PRODUCTS_DIR)/BejeweledClone.app/BejeweledClone";
			};
			name = Debug;
		};
		5C2536701B212AA900CE5A7E /* Release */ = {
			isa = XCBuildConfiguration;
			buildSettings = {
				BUNDLE_LOADER = "$(TEST_HOST)";
				FRAMEWORK_SEARCH_PATHS = (
					"$(SDKROOT)/Developer/Library/Frameworks",
					"$(inherited)",
				);
				INFOPLIST_FILE = BejeweledCloneTests/Info.plist;
				LD_RUNPATH_SEARCH_PATHS = "$(inherited) @executable_path/Frameworks @loader_path/Frameworks";
				PRODUCT_NAME = "$(TARGET_NAME)";
				TEST_HOST = "$(BUILT_PRODUCTS_DIR)/BejeweledClone.app/BejeweledClone";
			};
			name = Release;
		};
/* End XCBuildConfiguration section */

/* Begin XCConfigurationList section */
		5C2536471B212AA900CE5A7E /* Build configuration list for PBXProject "BejeweledClone" */ = {
			isa = XCConfigurationList;
			buildConfigurations = (
				5C2536691B212AA900CE5A7E /* Debug */,
				5C25366A1B212AA900CE5A7E /* Release */,
			);
			defaultConfigurationIsVisible = 0;
			defaultConfigurationName = Release;
		};
		5C25366B1B212AA900CE5A7E /* Build configuration list for PBXNativeTarget "BejeweledClone" */ = {
			isa = XCConfigurationList;
			buildConfigurations = (
				5C25366C1B212AA900CE5A7E /* Debug */,
				5C25366D1B212AA900CE5A7E /* Release */,
			);
			defaultConfigurationIsVisible = 0;
		};
		5C25366E1B212AA900CE5A7E /* Build configuration list for PBXNativeTarget "BejeweledCloneTests" */ = {
			isa = XCConfigurationList;
			buildConfigurations = (
				5C25366F1B212AA900CE5A7E /* Debug */,
				5C2536701B212AA900CE5A7E /* Release */,
			);
			defaultConfigurationIsVisible = 0;
		};
/* End XCConfigurationList section */
	};
	rootObject = 5C2536441B212AA900CE5A7E /* Project object */;
}
